<?xml version="1.0" encoding="utf-8"?>
<Project ToolsVersion="4.0" xmlns="http://schemas.microsoft.com/developer/msbuild/2003">
  <ItemGroup>
    <Filter Include="Source Files">
      <UniqueIdentifier>{4FC737F1-C7A5-4376-A066-2A32D752A2FF}</UniqueIdentifier>
      <Extensions>cpp;c;cc;cxx;c++;cppm;ixx;def;odl;idl;hpj;bat;asm;asmx</Extensions>
    </Filter>
    <Filter Include="Header Files">
      <UniqueIdentifier>{93995380-89BD-4b04-88EB-625FBE52EBFB}</UniqueIdentifier>
      <Extensions>h;hh;hpp;hxx;h++;hm;inl;inc;ipp;xsd</Extensions>
    </Filter>
    <Filter Include="Resource Files">
      <UniqueIdentifier>{67DA6AB6-F800-4c08-8B7A-83BB121AAD01}</UniqueIdentifier>
      <Extensions>rc;ico;cur;bmp;dlg;rc2;rct;bin;rgs;gif;jpg;jpeg;jpe;resx;tiff;tif;png;wav;mfcribbon-ms</Extensions>
    </Filter>
    <Filter Include="Header Files\screen">
      <UniqueIdentifier>{9bbf6dc4-5970-4f84-8f3d-08b2bd65568a}</UniqueIdentifier>
    </Filter>
    <Filter Include="Header Files\Stage2">
      <UniqueIdentifier>{a9990f98-5c2c-4704-abc4-7b373abbbaf5}</UniqueIdentifier>
    </Filter>
    <Filter Include="Header Files\Stage_1">
      <UniqueIdentifier>{94d9f50d-769d-442d-91d8-08d420739ed6}</UniqueIdentifier>
    </Filter>
    <Filter Include="Header Files\Player">
      <UniqueIdentifier>{6dd76267-6a5b-4263-ad53-e860029b1ee5}</UniqueIdentifier>
    </Filter>
  </ItemGroup>
  <ItemGroup>
    <ClCompile Include="main.cpp">
      <Filter>Source Files</Filter>
    </ClCompile>
  </ItemGroup>
  <ItemGroup>
    <ClInclude Include="alcohol.h">
      <Filter>Header Files\Player</Filter>
    </ClInclude>
    <ClInclude Include="player.h">
      <Filter>Header Files\Player</Filter>
    </ClInclude>
    <ClInclude Include="player_key.h">
      <Filter>Header Files\Player</Filter>
    </ClInclude>
    <ClInclude Include="rain.h">
      <Filter>Header Files\Player</Filter>
    </ClInclude>
    <ClInclude Include="sword.h">
      <Filter>Header Files\Player</Filter>
    </ClInclude>
    <ClInclude Include="vaccine.h">
      <Filter>Header Files\Player</Filter>
    </ClInclude>
    <ClInclude Include="Screen.h">
      <Filter>Header Files\screen</Filter>
    </ClInclude>
    <ClInclude Include="background.h">
      <Filter>Header Files\Stage_1</Filter>
    </ClInclude>
    <ClInclude Include="doors.h">
      <Filter>Header Files\Stage_1</Filter>
    </ClInclude>
    <ClInclude Include="first_floor_monster.h">
      <Filter>Header Files\Stage_1</Filter>
    </ClInclude>
    <ClInclude Include="second_floor_monster.h">
      <Filter>Header Files\Stage_1</Filter>
    </ClInclude>
    <ClInclude Include="Stage1_Key.h">
      <Filter>Header Files\Stage_1</Filter>
    </ClInclude>
    <ClInclude Include="third_floor_monster.h">
      <Filter>Header Files\Stage_1</Filter>
    </ClInclude>
    <ClInclude Include="background2.h">
      <Filter>Header Files\Stage2</Filter>
    </ClInclude>
    <ClInclude Include="boss_rain.h">
      <Filter>Header Files\Stage2</Filter>
    </ClInclude>
    <ClInclude Include="monster1.h">
      <Filter>Header Files\Stage2</Filter>
    </ClInclude>
    <ClInclude Include="monster2.h">
      <Filter>Header Files\Stage2</Filter>
    </ClInclude>
    <ClInclude Include="monster3.h">
      <Filter>Header Files\Stage2</Filter>
    </ClInclude>
    <ClInclude Include="monster4.h">
      <Filter>Header Files\Stage2</Filter>
    </ClInclude>
    <ClInclude Include="stage2_mini_boss.h">
      <Filter>Header Files\Stage2</Filter>
    </ClInclude>
    <ClInclude Include="stage2boss.h">
      <Filter>Header Files\Stage2</Filter>
    </ClInclude>
    <ClInclude Include="SmallMini_virus.h">
      <Filter>Header Files\Stage2</Filter>
    </ClInclude>
  </ItemGroup>
</Project>